<Solution>
  <Folder Name="/Actions/">
    <File Path=".github/workflows/publish.yml" />
    <File Path=".github/workflows/dotnet.yml" />
  </Folder>
  <Folder Name="/Properties/">
    <File Path="Extension.md" />
    <File Path="License.md" />
    <File Path="oneware-extension.json" />
  </Folder>
  <Project Path="src/ContainerExtension/ContainerExtension.csproj" />
  <Project Path="src/ContainerBenchmarkHarness/ContainerBenchmarkHarness.csproj" />
  <Project Path="tests/ContainerExtension.UnitTests/ContainerExtension.UnitTests.csproj" />
</Solution>
